// !$*UTF8*$!
{
	archiveVersion = 1;
	classes = {
	};
	objectVersion = 55;
	objects = {

/* Begin PBXBuildFile section */
		686B43E927A5AA57003FFB4F /* WebApp.swift in Sources */ = {isa = PBXBuildFile; fileRef = 686B43E827A5AA57003FFB4F /* WebApp.swift */; };
		686B43EB27A5AA57003FFB4F /* ContentView.swift in Sources */ = {isa = PBXBuildFile; fileRef = 686B43EA27A5AA57003FFB4F /* ContentView.swift */; };
		686B43ED27A5AA59003FFB4F /* Assets.xcassets in Resources */ = {isa = PBXBuildFile; fileRef = 686B43EC27A5AA59003FFB4F /* Assets.xcassets */; };
		686B43F027A5AA59003FFB4F /* Preview Assets.xcassets in Resources */ = {isa = PBXBuildFile; fileRef = 686B43EF27A5AA59003FFB4F /* Preview Assets.xcassets */; };
		686B43F227A5AA59003FFB4F /* Persistence.swift in Sources */ = {isa = PBXBuildFile; fileRef = 686B43F127A5AA59003FFB4F /* Persistence.swift */; };
		686B43F527A5AA59003FFB4F /* Web.xcdatamodeld in Sources */ = {isa = PBXBuildFile; fileRef = 686B43F327A5AA59003FFB4F /* Web.xcdatamodeld */; };
		686B43FE27A5AB30003FFB4F /* OpenedTabsView.swift in Sources */ = {isa = PBXBuildFile; fileRef = 686B43FD27A5AB30003FFB4F /* OpenedTabsView.swift */; };
		686B440027A5B60F003FFB4F /* Tab.swift in Sources */ = {isa = PBXBuildFile; fileRef = 686B43FF27A5B60F003FFB4F /* Tab.swift */; };
		68E24CD327A7C05C00DFCAE2 /* WebView.swift in Sources */ = {isa = PBXBuildFile; fileRef = 68E24CD227A7C05C00DFCAE2 /* WebView.swift */; };
		AA1EA1A327AABCF1007D2938 /* UIPanGestureRecognizer+Extensions.swift in Sources */ = {isa = PBXBuildFile; fileRef = AA1EA1A227AABCF1007D2938 /* UIPanGestureRecognizer+Extensions.swift */; };
		AA24050E27AB58C6009126E6 /* SwipeUp.png in Resources */ = {isa = PBXBuildFile; fileRef = AA24050A27AB58C5009126E6 /* SwipeUp.png */; };
		AA24050F27AB58C6009126E6 /* demo.mp4 in Resources */ = {isa = PBXBuildFile; fileRef = AA24050B27AB58C6009126E6 /* demo.mp4 */; };
		AA24051027AB58C6009126E6 /* Normal.png in Resources */ = {isa = PBXBuildFile; fileRef = AA24050C27AB58C6009126E6 /* Normal.png */; };
		AA24051127AB58C6009126E6 /* SwipeRight.png in Resources */ = {isa = PBXBuildFile; fileRef = AA24050D27AB58C6009126E6 /* SwipeRight.png */; };
		AA28BC4627ABFBDC00E91F1B /* TabCardView.swift in Sources */ = {isa = PBXBuildFile; fileRef = AA28BC4527ABFBDC00E91F1B /* TabCardView.swift */; };
		AA28BC4827ABFC0300E91F1B /* View+Extensions.swift in Sources */ = {isa = PBXBuildFile; fileRef = AA28BC4727ABFC0300E91F1B /* View+Extensions.swift */; };
		AA87348D27A9AFBA00581F13 /* BrowserContainerViewController+ToolbarAnimation.swift in Sources */ = {isa = PBXBuildFile; fileRef = AA87348727A9AFBA00581F13 /* BrowserContainerViewController+ToolbarAnimation.swift */; };
		AA87348E27A9AFBA00581F13 /* BrowserContainerViewModel.swift in Sources */ = {isa = PBXBuildFile; fileRef = AA87348827A9AFBA00581F13 /* BrowserContainerViewModel.swift */; };
		AA87348F27A9AFBA00581F13 /* BrowserContainerContentView.swift in Sources */ = {isa = PBXBuildFile; fileRef = AA87348927A9AFBA00581F13 /* BrowserContainerContentView.swift */; };
		AA87349027A9AFBA00581F13 /* BrowserContainerViewController.swift in Sources */ = {isa = PBXBuildFile; fileRef = AA87348A27A9AFBA00581F13 /* BrowserContainerViewController.swift */; };
		AA87349127A9AFBA00581F13 /* BrowserContainerViewController+AddressBarsAnimation.swift in Sources */ = {isa = PBXBuildFile; fileRef = AA87348B27A9AFBA00581F13 /* BrowserContainerViewController+AddressBarsAnimation.swift */; };
		AA87349227A9AFBA00581F13 /* BrowserContainerViewController+Keyboard.swift in Sources */ = {isa = PBXBuildFile; fileRef = AA87348C27A9AFBA00581F13 /* BrowserContainerViewController+Keyboard.swift */; };
		AA87349727A9AFD300581F13 /* BrowserToolbar.swift in Sources */ = {isa = PBXBuildFile; fileRef = AA87349427A9AFD300581F13 /* BrowserToolbar.swift */; };
		AA87349827A9AFD300581F13 /* BrowserAddressBar.swift in Sources */ = {isa = PBXBuildFile; fileRef = AA87349527A9AFD300581F13 /* BrowserAddressBar.swift */; };
		AA87349927A9AFD300581F13 /* BrowserAddressBar+TextField.swift in Sources */ = {isa = PBXBuildFile; fileRef = AA87349627A9AFD300581F13 /* BrowserAddressBar+TextField.swift */; };
		AA87349F27A9B00600581F13 /* BrowserTabContentView+StatusBarBackgroundView.swift in Sources */ = {isa = PBXBuildFile; fileRef = AA87349B27A9B00600581F13 /* BrowserTabContentView+StatusBarBackgroundView.swift */; };
		AA8734A027A9B00600581F13 /* BrowserTabContentView.swift in Sources */ = {isa = PBXBuildFile; fileRef = AA87349C27A9B00600581F13 /* BrowserTabContentView.swift */; };
		AA8734A127A9B00600581F13 /* BrowserTabViewController.swift in Sources */ = {isa = PBXBuildFile; fileRef = AA87349D27A9B00600581F13 /* BrowserTabViewController.swift */; };
		AA8734A227A9B00600581F13 /* BrowserTabEmptyStateView.swift in Sources */ = {isa = PBXBuildFile; fileRef = AA87349E27A9B00600581F13 /* BrowserTabEmptyStateView.swift */; };
		AA8734A727A9B06300581F13 /* URLGenerator.swift in Sources */ = {isa = PBXBuildFile; fileRef = AA8734A427A9B06300581F13 /* URLGenerator.swift */; };
		AA8734A827A9B06300581F13 /* KeyboardManager.swift in Sources */ = {isa = PBXBuildFile; fileRef = AA8734A527A9B06300581F13 /* KeyboardManager.swift */; };
		AA8734A927A9B06300581F13 /* URLValidator.swift in Sources */ = {isa = PBXBuildFile; fileRef = AA8734A627A9B06300581F13 /* URLValidator.swift */; };
		AA8734B627A9B1FF00581F13 /* NSNotification+Helpers.swift in Sources */ = {isa = PBXBuildFile; fileRef = AA8734B327A9B1FF00581F13 /* NSNotification+Helpers.swift */; };
		AA8734B727A9B1FF00581F13 /* UIColor+Helpers.swift in Sources */ = {isa = PBXBuildFile; fileRef = AA8734B427A9B1FF00581F13 /* UIColor+Helpers.swift */; };
		AA8734B827A9B1FF00581F13 /* Array+Helpers.swift in Sources */ = {isa = PBXBuildFile; fileRef = AA8734B527A9B1FF00581F13 /* Array+Helpers.swift */; };
		AA8734BB27A9B2E900581F13 /* SnapKit in Frameworks */ = {isa = PBXBuildFile; productRef = AA8734BA27A9B2E900581F13 /* SnapKit */; };
		AA8734BD27A9B3F800581F13 /* HomeContiner.swift in Sources */ = {isa = PBXBuildFile; fileRef = AA8734BC27A9B3F800581F13 /* HomeContiner.swift */; };
		AAB2F6AC27AB1F35001D2F62 /* Pangesture.swift in Sources */ = {isa = PBXBuildFile; fileRef = AAB2F6AB27AB1F35001D2F62 /* Pangesture.swift */; };
/* End PBXBuildFile section */

/* Begin PBXFileReference section */
		686B43E527A5AA57003FFB4F /* Web.app */ = {isa = PBXFileReference; explicitFileType = wrapper.application; includeInIndex = 0; path = Web.app; sourceTree = BUILT_PRODUCTS_DIR; };
		686B43E827A5AA57003FFB4F /* WebApp.swift */ = {isa = PBXFileReference; lastKnownFileType = sourcecode.swift; path = WebApp.swift; sourceTree = "<group>"; };
		686B43EA27A5AA57003FFB4F /* ContentView.swift */ = {isa = PBXFileReference; lastKnownFileType = sourcecode.swift; path = ContentView.swift; sourceTree = "<group>"; };
		686B43EC27A5AA59003FFB4F /* Assets.xcassets */ = {isa = PBXFileReference; lastKnownFileType = folder.assetcatalog; path = Assets.xcassets; sourceTree = "<group>"; };
		686B43EF27A5AA59003FFB4F /* Preview Assets.xcassets */ = {isa = PBXFileReference; lastKnownFileType = folder.assetcatalog; path = "Preview Assets.xcassets"; sourceTree = "<group>"; };
		686B43F127A5AA59003FFB4F /* Persistence.swift */ = {isa = PBXFileReference; lastKnownFileType = sourcecode.swift; path = Persistence.swift; sourceTree = "<group>"; };
		686B43F427A5AA59003FFB4F /* Web.xcdatamodel */ = {isa = PBXFileReference; lastKnownFileType = wrapper.xcdatamodel; path = Web.xcdatamodel; sourceTree = "<group>"; };
		686B43FD27A5AB30003FFB4F /* OpenedTabsView.swift */ = {isa = PBXFileReference; lastKnownFileType = sourcecode.swift; path = OpenedTabsView.swift; sourceTree = "<group>"; };
		686B43FF27A5B60F003FFB4F /* Tab.swift */ = {isa = PBXFileReference; lastKnownFileType = sourcecode.swift; path = Tab.swift; sourceTree = "<group>"; };
		68E24CD227A7C05C00DFCAE2 /* WebView.swift */ = {isa = PBXFileReference; lastKnownFileType = sourcecode.swift; path = WebView.swift; sourceTree = "<group>"; };
		AA1EA1A227AABCF1007D2938 /* UIPanGestureRecognizer+Extensions.swift */ = {isa = PBXFileReference; lastKnownFileType = sourcecode.swift; path = "UIPanGestureRecognizer+Extensions.swift"; sourceTree = "<group>"; };
		AA24050A27AB58C5009126E6 /* SwipeUp.png */ = {isa = PBXFileReference; lastKnownFileType = image.png; path = SwipeUp.png; sourceTree = "<group>"; };
		AA24050B27AB58C6009126E6 /* demo.mp4 */ = {isa = PBXFileReference; lastKnownFileType = file; path = demo.mp4; sourceTree = "<group>"; };
		AA24050C27AB58C6009126E6 /* Normal.png */ = {isa = PBXFileReference; lastKnownFileType = image.png; path = Normal.png; sourceTree = "<group>"; };
		AA24050D27AB58C6009126E6 /* SwipeRight.png */ = {isa = PBXFileReference; lastKnownFileType = image.png; path = SwipeRight.png; sourceTree = "<group>"; };
		AA28BC4527ABFBDC00E91F1B /* TabCardView.swift */ = {isa = PBXFileReference; lastKnownFileType = sourcecode.swift; path = TabCardView.swift; sourceTree = "<group>"; };
		AA28BC4727ABFC0300E91F1B /* View+Extensions.swift */ = {isa = PBXFileReference; lastKnownFileType = sourcecode.swift; path = "View+Extensions.swift"; sourceTree = "<group>"; };
		AA87348727A9AFBA00581F13 /* BrowserContainerViewController+ToolbarAnimation.swift */ = {isa = PBXFileReference; fileEncoding = 4; lastKnownFileType = sourcecode.swift; path = "BrowserContainerViewController+ToolbarAnimation.swift"; sourceTree = "<group>"; };
		AA87348827A9AFBA00581F13 /* BrowserContainerViewModel.swift */ = {isa = PBXFileReference; fileEncoding = 4; lastKnownFileType = sourcecode.swift; path = BrowserContainerViewModel.swift; sourceTree = "<group>"; };
		AA87348927A9AFBA00581F13 /* BrowserContainerContentView.swift */ = {isa = PBXFileReference; fileEncoding = 4; lastKnownFileType = sourcecode.swift; path = BrowserContainerContentView.swift; sourceTree = "<group>"; };
		AA87348A27A9AFBA00581F13 /* BrowserContainerViewController.swift */ = {isa = PBXFileReference; fileEncoding = 4; lastKnownFileType = sourcecode.swift; path = BrowserContainerViewController.swift; sourceTree = "<group>"; };
		AA87348B27A9AFBA00581F13 /* BrowserContainerViewController+AddressBarsAnimation.swift */ = {isa = PBXFileReference; fileEncoding = 4; lastKnownFileType = sourcecode.swift; path = "BrowserContainerViewController+AddressBarsAnimation.swift"; sourceTree = "<group>"; };
		AA87348C27A9AFBA00581F13 /* BrowserContainerViewController+Keyboard.swift */ = {isa = PBXFileReference; fileEncoding = 4; lastKnownFileType = sourcecode.swift; path = "BrowserContainerViewController+Keyboard.swift"; sourceTree = "<group>"; };
		AA87349427A9AFD300581F13 /* BrowserToolbar.swift */ = {isa = PBXFileReference; fileEncoding = 4; lastKnownFileType = sourcecode.swift; path = BrowserToolbar.swift; sourceTree = "<group>"; };
		AA87349527A9AFD300581F13 /* BrowserAddressBar.swift */ = {isa = PBXFileReference; fileEncoding = 4; lastKnownFileType = sourcecode.swift; path = BrowserAddressBar.swift; sourceTree = "<group>"; };
		AA87349627A9AFD300581F13 /* BrowserAddressBar+TextField.swift */ = {isa = PBXFileReference; fileEncoding = 4; lastKnownFileType = sourcecode.swift; path = "BrowserAddressBar+TextField.swift"; sourceTree = "<group>"; };
		AA87349B27A9B00600581F13 /* BrowserTabContentView+StatusBarBackgroundView.swift */ = {isa = PBXFileReference; fileEncoding = 4; lastKnownFileType = sourcecode.swift; path = "BrowserTabContentView+StatusBarBackgroundView.swift"; sourceTree = "<group>"; };
		AA87349C27A9B00600581F13 /* BrowserTabContentView.swift */ = {isa = PBXFileReference; fileEncoding = 4; lastKnownFileType = sourcecode.swift; path = BrowserTabContentView.swift; sourceTree = "<group>"; };
		AA87349D27A9B00600581F13 /* BrowserTabViewController.swift */ = {isa = PBXFileReference; fileEncoding = 4; lastKnownFileType = sourcecode.swift; path = BrowserTabViewController.swift; sourceTree = "<group>"; };
		AA87349E27A9B00600581F13 /* BrowserTabEmptyStateView.swift */ = {isa = PBXFileReference; fileEncoding = 4; lastKnownFileType = sourcecode.swift; path = BrowserTabEmptyStateView.swift; sourceTree = "<group>"; };
		AA8734A427A9B06300581F13 /* URLGenerator.swift */ = {isa = PBXFileReference; fileEncoding = 4; lastKnownFileType = sourcecode.swift; path = URLGenerator.swift; sourceTree = "<group>"; };
		AA8734A527A9B06300581F13 /* KeyboardManager.swift */ = {isa = PBXFileReference; fileEncoding = 4; lastKnownFileType = sourcecode.swift; path = KeyboardManager.swift; sourceTree = "<group>"; };
		AA8734A627A9B06300581F13 /* URLValidator.swift */ = {isa = PBXFileReference; fileEncoding = 4; lastKnownFileType = sourcecode.swift; path = URLValidator.swift; sourceTree = "<group>"; };
		AA8734B327A9B1FF00581F13 /* NSNotification+Helpers.swift */ = {isa = PBXFileReference; fileEncoding = 4; lastKnownFileType = sourcecode.swift; path = "NSNotification+Helpers.swift"; sourceTree = "<group>"; };
		AA8734B427A9B1FF00581F13 /* UIColor+Helpers.swift */ = {isa = PBXFileReference; fileEncoding = 4; lastKnownFileType = sourcecode.swift; path = "UIColor+Helpers.swift"; sourceTree = "<group>"; };
		AA8734B527A9B1FF00581F13 /* Array+Helpers.swift */ = {isa = PBXFileReference; fileEncoding = 4; lastKnownFileType = sourcecode.swift; path = "Array+Helpers.swift"; sourceTree = "<group>"; };
		AA8734BC27A9B3F800581F13 /* HomeContiner.swift */ = {isa = PBXFileReference; lastKnownFileType = sourcecode.swift; path = HomeContiner.swift; sourceTree = "<group>"; };
		AAB2F6AB27AB1F35001D2F62 /* Pangesture.swift */ = {isa = PBXFileReference; lastKnownFileType = sourcecode.swift; path = Pangesture.swift; sourceTree = "<group>"; };
/* End PBXFileReference section */

/* Begin PBXFrameworksBuildPhase section */
		686B43E227A5AA57003FFB4F /* Frameworks */ = {
			isa = PBXFrameworksBuildPhase;
			buildActionMask = 2147483647;
			files = (
				AA8734BB27A9B2E900581F13 /* SnapKit in Frameworks */,
			);
			runOnlyForDeploymentPostprocessing = 0;
		};
/* End PBXFrameworksBuildPhase section */

/* Begin PBXGroup section */
		686B43DC27A5AA57003FFB4F = {
			isa = PBXGroup;
			children = (
				686B43E727A5AA57003FFB4F /* Web */,
				686B43E627A5AA57003FFB4F /* Products */,
			);
			sourceTree = "<group>";
		};
		686B43E627A5AA57003FFB4F /* Products */ = {
			isa = PBXGroup;
			children = (
				686B43E527A5AA57003FFB4F /* Web.app */,
			);
			name = Products;
			sourceTree = "<group>";
		};
		686B43E727A5AA57003FFB4F /* Web */ = {
			isa = PBXGroup;
			children = (
				AA24050927AB587B009126E6 /* Demo */,
				AA8734AA27A9B07500581F13 /* Extensions */,
				AA8734A327A9B05900581F13 /* Helpers */,
				AA87348527A9AEE500581F13 /* UIKit */,
				686B43FC27A5AB00003FFB4F /* Model */,
				686B43FB27A5AAEF003FFB4F /* View */,
				686B43E827A5AA57003FFB4F /* WebApp.swift */,
				686B43EA27A5AA57003FFB4F /* ContentView.swift */,
				686B43EC27A5AA59003FFB4F /* Assets.xcassets */,
				686B43F127A5AA59003FFB4F /* Persistence.swift */,
				686B43F327A5AA59003FFB4F /* Web.xcdatamodeld */,
				686B43EE27A5AA59003FFB4F /* Preview Content */,
			);
			path = Web;
			sourceTree = "<group>";
		};
		686B43EE27A5AA59003FFB4F /* Preview Content */ = {
			isa = PBXGroup;
			children = (
				686B43EF27A5AA59003FFB4F /* Preview Assets.xcassets */,
			);
			path = "Preview Content";
			sourceTree = "<group>";
		};
		686B43FB27A5AAEF003FFB4F /* View */ = {
			isa = PBXGroup;
			children = (
				AA28BC4427ABFBC400E91F1B /* TabCardView */,
				AA28BC4327ABFB9200E91F1B /* OpenedTabsView */,
				686B43FD27A5AB30003FFB4F /* OpenedTabsView.swift */,
				68E24CD227A7C05C00DFCAE2 /* WebView.swift */,
				AA8734BC27A9B3F800581F13 /* HomeContiner.swift */,
			);
			path = View;
			sourceTree = "<group>";
		};
		686B43FC27A5AB00003FFB4F /* Model */ = {
			isa = PBXGroup;
			children = (
				686B43FF27A5B60F003FFB4F /* Tab.swift */,
			);
			path = Model;
			sourceTree = "<group>";
		};
		AA24050927AB587B009126E6 /* Demo */ = {
			isa = PBXGroup;
			children = (
				AA24050B27AB58C6009126E6 /* demo.mp4 */,
				AA24050C27AB58C6009126E6 /* Normal.png */,
				AA24050D27AB58C6009126E6 /* SwipeRight.png */,
				AA24050A27AB58C5009126E6 /* SwipeUp.png */,
			);
			path = Demo;
			sourceTree = "<group>";
		};
		AA28BC4327ABFB9200E91F1B /* OpenedTabsView */ = {
			isa = PBXGroup;
			children = (
			);
			path = OpenedTabsView;
			sourceTree = "<group>";
		};
		AA28BC4427ABFBC400E91F1B /* TabCardView */ = {
			isa = PBXGroup;
			children = (
				AA28BC4527ABFBDC00E91F1B /* TabCardView.swift */,
			);
			path = TabCardView;
			sourceTree = "<group>";
		};
		AA87348527A9AEE500581F13 /* UIKit */ = {
			isa = PBXGroup;
			children = (
				AA87349A27A9AFFD00581F13 /* Tab */,
				AA87349327A9AFBE00581F13 /* Toolbar */,
				AA87348627A9AF9700581F13 /* BrowserContainer */,
			);
			path = UIKit;
			sourceTree = "<group>";
		};
		AA87348627A9AF9700581F13 /* BrowserContainer */ = {
			isa = PBXGroup;
			children = (
				AA87348927A9AFBA00581F13 /* BrowserContainerContentView.swift */,
				AA87348A27A9AFBA00581F13 /* BrowserContainerViewController.swift */,
				AA87348B27A9AFBA00581F13 /* BrowserContainerViewController+AddressBarsAnimation.swift */,
				AA87348C27A9AFBA00581F13 /* BrowserContainerViewController+Keyboard.swift */,
				AA87348727A9AFBA00581F13 /* BrowserContainerViewController+ToolbarAnimation.swift */,
				AA87348827A9AFBA00581F13 /* BrowserContainerViewModel.swift */,
			);
			path = BrowserContainer;
			sourceTree = "<group>";
		};
		AA87349327A9AFBE00581F13 /* Toolbar */ = {
			isa = PBXGroup;
			children = (
				AA87349527A9AFD300581F13 /* BrowserAddressBar.swift */,
				AA87349627A9AFD300581F13 /* BrowserAddressBar+TextField.swift */,
				AA87349427A9AFD300581F13 /* BrowserToolbar.swift */,
			);
			path = Toolbar;
			sourceTree = "<group>";
		};
		AA87349A27A9AFFD00581F13 /* Tab */ = {
			isa = PBXGroup;
			children = (
				AA87349C27A9B00600581F13 /* BrowserTabContentView.swift */,
				AA87349B27A9B00600581F13 /* BrowserTabContentView+StatusBarBackgroundView.swift */,
				AA87349E27A9B00600581F13 /* BrowserTabEmptyStateView.swift */,
				AA87349D27A9B00600581F13 /* BrowserTabViewController.swift */,
			);
			path = Tab;
			sourceTree = "<group>";
		};
		AA8734A327A9B05900581F13 /* Helpers */ = {
			isa = PBXGroup;
			children = (
				AA8734A527A9B06300581F13 /* KeyboardManager.swift */,
				AA8734A427A9B06300581F13 /* URLGenerator.swift */,
				AA8734A627A9B06300581F13 /* URLValidator.swift */,
				AAB2F6AB27AB1F35001D2F62 /* Pangesture.swift */,
			);
			path = Helpers;
			sourceTree = "<group>";
		};
		AA8734AA27A9B07500581F13 /* Extensions */ = {
			isa = PBXGroup;
			children = (
				AA8734B527A9B1FF00581F13 /* Array+Helpers.swift */,
				AA8734B327A9B1FF00581F13 /* NSNotification+Helpers.swift */,
				AA8734B427A9B1FF00581F13 /* UIColor+Helpers.swift */,
				AA1EA1A227AABCF1007D2938 /* UIPanGestureRecognizer+Extensions.swift */,
				AA28BC4727ABFC0300E91F1B /* View+Extensions.swift */,
			);
			path = Extensions;
			sourceTree = "<group>";
		};
/* End PBXGroup section */

/* Begin PBXNativeTarget section */
		686B43E427A5AA57003FFB4F /* Web */ = {
			isa = PBXNativeTarget;
			buildConfigurationList = 686B43F827A5AA59003FFB4F /* Build configuration list for PBXNativeTarget "Web" */;
			buildPhases = (
				686B43E127A5AA57003FFB4F /* Sources */,
				686B43E227A5AA57003FFB4F /* Frameworks */,
				686B43E327A5AA57003FFB4F /* Resources */,
			);
			buildRules = (
			);
			dependencies = (
			);
			name = Web;
			packageProductDependencies = (
				AA8734BA27A9B2E900581F13 /* SnapKit */,
			);
			productName = Web;
			productReference = 686B43E527A5AA57003FFB4F /* Web.app */;
			productType = "com.apple.product-type.application";
		};
/* End PBXNativeTarget section */

/* Begin PBXProject section */
		686B43DD27A5AA57003FFB4F /* Project object */ = {
			isa = PBXProject;
			attributes = {
				BuildIndependentTargetsInParallel = 1;
				LastSwiftUpdateCheck = 1310;
				LastUpgradeCheck = 1310;
				TargetAttributes = {
					686B43E427A5AA57003FFB4F = {
						CreatedOnToolsVersion = 13.1;
					};
				};
			};
			buildConfigurationList = 686B43E027A5AA57003FFB4F /* Build configuration list for PBXProject "Web" */;
			compatibilityVersion = "Xcode 13.0";
			developmentRegion = en;
			hasScannedForEncodings = 0;
			knownRegions = (
				en,
				Base,
			);
			mainGroup = 686B43DC27A5AA57003FFB4F;
			packageReferences = (
				AA8734B927A9B2E900581F13 /* XCRemoteSwiftPackageReference "SnapKit" */,
			);
			productRefGroup = 686B43E627A5AA57003FFB4F /* Products */;
			projectDirPath = "";
			projectRoot = "";
			targets = (
				686B43E427A5AA57003FFB4F /* Web */,
			);
		};
/* End PBXProject section */

/* Begin PBXResourcesBuildPhase section */
		686B43E327A5AA57003FFB4F /* Resources */ = {
			isa = PBXResourcesBuildPhase;
			buildActionMask = 2147483647;
			files = (
				AA24051027AB58C6009126E6 /* Normal.png in Resources */,
				AA24050F27AB58C6009126E6 /* demo.mp4 in Resources */,
				AA24050E27AB58C6009126E6 /* SwipeUp.png in Resources */,
				686B43F027A5AA59003FFB4F /* Preview Assets.xcassets in Resources */,
				686B43ED27A5AA59003FFB4F /* Assets.xcassets in Resources */,
				AA24051127AB58C6009126E6 /* SwipeRight.png in Resources */,
			);
			runOnlyForDeploymentPostprocessing = 0;
		};
/* End PBXResourcesBuildPhase section */

/* Begin PBXSourcesBuildPhase section */
		686B43E127A5AA57003FFB4F /* Sources */ = {
			isa = PBXSourcesBuildPhase;
			buildActionMask = 2147483647;
			files = (
				686B43F227A5AA59003FFB4F /* Persistence.swift in Sources */,
				AA28BC4827ABFC0300E91F1B /* View+Extensions.swift in Sources */,
				AA8734B827A9B1FF00581F13 /* Array+Helpers.swift in Sources */,
				686B43EB27A5AA57003FFB4F /* ContentView.swift in Sources */,
				686B43FE27A5AB30003FFB4F /* OpenedTabsView.swift in Sources */,
				AA87349127A9AFBA00581F13 /* BrowserContainerViewController+AddressBarsAnimation.swift in Sources */,
				AA87348F27A9AFBA00581F13 /* BrowserContainerContentView.swift in Sources */,
				686B440027A5B60F003FFB4F /* Tab.swift in Sources */,
				AA8734B727A9B1FF00581F13 /* UIColor+Helpers.swift in Sources */,
				AA87349027A9AFBA00581F13 /* BrowserContainerViewController.swift in Sources */,
				AA87348D27A9AFBA00581F13 /* BrowserContainerViewController+ToolbarAnimation.swift in Sources */,
				AA87349227A9AFBA00581F13 /* BrowserContainerViewController+Keyboard.swift in Sources */,
				AAB2F6AC27AB1F35001D2F62 /* Pangesture.swift in Sources */,
				AA28BC4627ABFBDC00E91F1B /* TabCardView.swift in Sources */,
				AA87349F27A9B00600581F13 /* BrowserTabContentView+StatusBarBackgroundView.swift in Sources */,
				686B43F527A5AA59003FFB4F /* Web.xcdatamodeld in Sources */,
				AA8734A227A9B00600581F13 /* BrowserTabEmptyStateView.swift in Sources */,
				AA87349827A9AFD300581F13 /* BrowserAddressBar.swift in Sources */,
				AA8734BD27A9B3F800581F13 /* HomeContiner.swift in Sources */,
				686B43E927A5AA57003FFB4F /* WebApp.swift in Sources */,
				AA8734A927A9B06300581F13 /* URLValidator.swift in Sources */,
				AA87348E27A9AFBA00581F13 /* BrowserContainerViewModel.swift in Sources */,
				AA87349927A9AFD300581F13 /* BrowserAddressBar+TextField.swift in Sources */,
				AA87349727A9AFD300581F13 /* BrowserToolbar.swift in Sources */,
				AA1EA1A327AABCF1007D2938 /* UIPanGestureRecognizer+Extensions.swift in Sources */,
				68E24CD327A7C05C00DFCAE2 /* WebView.swift in Sources */,
				AA8734A827A9B06300581F13 /* KeyboardManager.swift in Sources */,
				AA8734A127A9B00600581F13 /* BrowserTabViewController.swift in Sources */,
				AA8734B627A9B1FF00581F13 /* NSNotification+Helpers.swift in Sources */,
				AA8734A727A9B06300581F13 /* URLGenerator.swift in Sources */,
				AA8734A027A9B00600581F13 /* BrowserTabContentView.swift in Sources */,
			);
			runOnlyForDeploymentPostprocessing = 0;
		};
/* End PBXSourcesBuildPhase section */

/* Begin XCBuildConfiguration section */
		686B43F627A5AA59003FFB4F /* Debug */ = {
			isa = XCBuildConfiguration;
			buildSettings = {
				ALWAYS_SEARCH_USER_PATHS = NO;
				CLANG_ANALYZER_NONNULL = YES;
				CLANG_ANALYZER_NUMBER_OBJECT_CONVERSION = YES_AGGRESSIVE;
				CLANG_CXX_LANGUAGE_STANDARD = "gnu++17";
				CLANG_CXX_LIBRARY = "libc++";
				CLANG_ENABLE_MODULES = YES;
				CLANG_ENABLE_OBJC_ARC = YES;
				CLANG_ENABLE_OBJC_WEAK = YES;
				CLANG_WARN_BLOCK_CAPTURE_AUTORELEASING = YES;
				CLANG_WARN_BOOL_CONVERSION = YES;
				CLANG_WARN_COMMA = YES;
				CLANG_WARN_CONSTANT_CONVERSION = YES;
				CLANG_WARN_DEPRECATED_OBJC_IMPLEMENTATIONS = YES;
				CLANG_WARN_DIRECT_OBJC_ISA_USAGE = YES_ERROR;
				CLANG_WARN_DOCUMENTATION_COMMENTS = YES;
				CLANG_WARN_EMPTY_BODY = YES;
				CLANG_WARN_ENUM_CONVERSION = YES;
				CLANG_WARN_INFINITE_RECURSION = YES;
				CLANG_WARN_INT_CONVERSION = YES;
				CLANG_WARN_NON_LITERAL_NULL_CONVERSION = YES;
				CLANG_WARN_OBJC_IMPLICIT_RETAIN_SELF = YES;
				CLANG_WARN_OBJC_LITERAL_CONVERSION = YES;
				CLANG_WARN_OBJC_ROOT_CLASS = YES_ERROR;
				CLANG_WARN_QUOTED_INCLUDE_IN_FRAMEWORK_HEADER = YES;
				CLANG_WARN_RANGE_LOOP_ANALYSIS = YES;
				CLANG_WARN_STRICT_PROTOTYPES = YES;
				CLANG_WARN_SUSPICIOUS_MOVE = YES;
				CLANG_WARN_UNGUARDED_AVAILABILITY = YES_AGGRESSIVE;
				CLANG_WARN_UNREACHABLE_CODE = YES;
				CLANG_WARN__DUPLICATE_METHOD_MATCH = YES;
				COPY_PHASE_STRIP = NO;
				DEBUG_INFORMATION_FORMAT = dwarf;
				ENABLE_STRICT_OBJC_MSGSEND = YES;
				ENABLE_TESTABILITY = YES;
				GCC_C_LANGUAGE_STANDARD = gnu11;
				GCC_DYNAMIC_NO_PIC = NO;
				GCC_NO_COMMON_BLOCKS = YES;
				GCC_OPTIMIZATION_LEVEL = 0;
				GCC_PREPROCESSOR_DEFINITIONS = (
					"DEBUG=1",
					"$(inherited)",
				);
				GCC_WARN_64_TO_32_BIT_CONVERSION = YES;
				GCC_WARN_ABOUT_RETURN_TYPE = YES_ERROR;
				GCC_WARN_UNDECLARED_SELECTOR = YES;
				GCC_WARN_UNINITIALIZED_AUTOS = YES_AGGRESSIVE;
				GCC_WARN_UNUSED_FUNCTION = YES;
				GCC_WARN_UNUSED_VARIABLE = YES;
				IPHONEOS_DEPLOYMENT_TARGET = 15.0;
				MTL_ENABLE_DEBUG_INFO = INCLUDE_SOURCE;
				MTL_FAST_MATH = YES;
				ONLY_ACTIVE_ARCH = YES;
				SDKROOT = iphoneos;
				SWIFT_ACTIVE_COMPILATION_CONDITIONS = DEBUG;
				SWIFT_OPTIMIZATION_LEVEL = "-Onone";
			};
			name = Debug;
		};
		686B43F727A5AA59003FFB4F /* Release */ = {
			isa = XCBuildConfiguration;
			buildSettings = {
				ALWAYS_SEARCH_USER_PATHS = NO;
				CLANG_ANALYZER_NONNULL = YES;
				CLANG_ANALYZER_NUMBER_OBJECT_CONVERSION = YES_AGGRESSIVE;
				CLANG_CXX_LANGUAGE_STANDARD = "gnu++17";
				CLANG_CXX_LIBRARY = "libc++";
				CLANG_ENABLE_MODULES = YES;
				CLANG_ENABLE_OBJC_ARC = YES;
				CLANG_ENABLE_OBJC_WEAK = YES;
				CLANG_WARN_BLOCK_CAPTURE_AUTORELEASING = YES;
				CLANG_WARN_BOOL_CONVERSION = YES;
				CLANG_WARN_COMMA = YES;
				CLANG_WARN_CONSTANT_CONVERSION = YES;
				CLANG_WARN_DEPRECATED_OBJC_IMPLEMENTATIONS = YES;
				CLANG_WARN_DIRECT_OBJC_ISA_USAGE = YES_ERROR;
				CLANG_WARN_DOCUMENTATION_COMMENTS = YES;
				CLANG_WARN_EMPTY_BODY = YES;
				CLANG_WARN_ENUM_CONVERSION = YES;
				CLANG_WARN_INFINITE_RECURSION = YES;
				CLANG_WARN_INT_CONVERSION = YES;
				CLANG_WARN_NON_LITERAL_NULL_CONVERSION = YES;
				CLANG_WARN_OBJC_IMPLICIT_RETAIN_SELF = YES;
				CLANG_WARN_OBJC_LITERAL_CONVERSION = YES;
				CLANG_WARN_OBJC_ROOT_CLASS = YES_ERROR;
				CLANG_WARN_QUOTED_INCLUDE_IN_FRAMEWORK_HEADER = YES;
				CLANG_WARN_RANGE_LOOP_ANALYSIS = YES;
				CLANG_WARN_STRICT_PROTOTYPES = YES;
				CLANG_WARN_SUSPICIOUS_MOVE = YES;
				CLANG_WARN_UNGUARDED_AVAILABILITY = YES_AGGRESSIVE;
				CLANG_WARN_UNREACHABLE_CODE = YES;
				CLANG_WARN__DUPLICATE_METHOD_MATCH = YES;
				COPY_PHASE_STRIP = NO;
				DEBUG_INFORMATION_FORMAT = "dwarf-with-dsym";
				ENABLE_NS_ASSERTIONS = NO;
				ENABLE_STRICT_OBJC_MSGSEND = YES;
				GCC_C_LANGUAGE_STANDARD = gnu11;
				GCC_NO_COMMON_BLOCKS = YES;
				GCC_WARN_64_TO_32_BIT_CONVERSION = YES;
				GCC_WARN_ABOUT_RETURN_TYPE = YES_ERROR;
				GCC_WARN_UNDECLARED_SELECTOR = YES;
				GCC_WARN_UNINITIALIZED_AUTOS = YES_AGGRESSIVE;
				GCC_WARN_UNUSED_FUNCTION = YES;
				GCC_WARN_UNUSED_VARIABLE = YES;
				IPHONEOS_DEPLOYMENT_TARGET = 15.0;
				MTL_ENABLE_DEBUG_INFO = NO;
				MTL_FAST_MATH = YES;
				SDKROOT = iphoneos;
				SWIFT_COMPILATION_MODE = wholemodule;
				SWIFT_OPTIMIZATION_LEVEL = "-O";
				VALIDATE_PRODUCT = YES;
			};
			name = Release;
		};
		686B43F927A5AA59003FFB4F /* Debug */ = {
			isa = XCBuildConfiguration;
			buildSettings = {
				ASSETCATALOG_COMPILER_APPICON_NAME = AppIcon;
				ASSETCATALOG_COMPILER_GLOBAL_ACCENT_COLOR_NAME = AccentColor;
				CODE_SIGN_STYLE = Automatic;
				CURRENT_PROJECT_VERSION = 1;
				DEVELOPMENT_ASSET_PATHS = "\"Web/Preview Content\"";
				ENABLE_PREVIEWS = YES;
				GENERATE_INFOPLIST_FILE = YES;
				INFOPLIST_KEY_UIApplicationSceneManifest_Generation = YES;
				INFOPLIST_KEY_UIApplicationSupportsIndirectInputEvents = YES;
				INFOPLIST_KEY_UILaunchScreen_Generation = YES;
				INFOPLIST_KEY_UISupportedInterfaceOrientations_iPad = "UIInterfaceOrientationPortrait UIInterfaceOrientationPortraitUpsideDown UIInterfaceOrientationLandscapeLeft UIInterfaceOrientationLandscapeRight";
				INFOPLIST_KEY_UISupportedInterfaceOrientations_iPhone = "UIInterfaceOrientationPortrait UIInterfaceOrientationLandscapeLeft UIInterfaceOrientationLandscapeRight";
				LD_RUNPATH_SEARCH_PATHS = (
					"$(inherited)",
					"@executable_path/Frameworks",
				);
				MARKETING_VERSION = 1.0;
				PRODUCT_BUNDLE_IDENTIFIER = com.kaboomlab.Web;
				PRODUCT_NAME = "$(TARGET_NAME)";
				SWIFT_EMIT_LOC_STRINGS = YES;
				SWIFT_VERSION = 5.0;
				TARGETED_DEVICE_FAMILY = "1,2";
			};
			name = Debug;
		};
		686B43FA27A5AA59003FFB4F /* Release */ = {
			isa = XCBuildConfiguration;
			buildSettings = {
				ASSETCATALOG_COMPILER_APPICON_NAME = AppIcon;
				ASSETCATALOG_COMPILER_GLOBAL_ACCENT_COLOR_NAME = AccentColor;
				CODE_SIGN_STYLE = Automatic;
				CURRENT_PROJECT_VERSION = 1;
				DEVELOPMENT_ASSET_PATHS = "\"Web/Preview Content\"";
				ENABLE_PREVIEWS = YES;
				GENERATE_INFOPLIST_FILE = YES;
				INFOPLIST_KEY_UIApplicationSceneManifest_Generation = YES;
				INFOPLIST_KEY_UIApplicationSupportsIndirectInputEvents = YES;
				INFOPLIST_KEY_UILaunchScreen_Generation = YES;
				INFOPLIST_KEY_UISupportedInterfaceOrientations_iPad = "UIInterfaceOrientationPortrait UIInterfaceOrientationPortraitUpsideDown UIInterfaceOrientationLandscapeLeft UIInterfaceOrientationLandscapeRight";
				INFOPLIST_KEY_UISupportedInterfaceOrientations_iPhone = "UIInterfaceOrientationPortrait UIInterfaceOrientationLandscapeLeft UIInterfaceOrientationLandscapeRight";
				LD_RUNPATH_SEARCH_PATHS = (
					"$(inherited)",
					"@executable_path/Frameworks",
				);
				MARKETING_VERSION = 1.0;
				PRODUCT_BUNDLE_IDENTIFIER = com.kaboomlab.Web;
				PRODUCT_NAME = "$(TARGET_NAME)";
				SWIFT_EMIT_LOC_STRINGS = YES;
				SWIFT_VERSION = 5.0;
				TARGETED_DEVICE_FAMILY = "1,2";
			};
			name = Release;
		};
/* End XCBuildConfiguration section */

/* Begin XCConfigurationList section */
		686B43E027A5AA57003FFB4F /* Build configuration list for PBXProject "Web" */ = {
			isa = XCConfigurationList;
			buildConfigurations = (
				686B43F627A5AA59003FFB4F /* Debug */,
				686B43F727A5AA59003FFB4F /* Release */,
			);
			defaultConfigurationIsVisible = 0;
			defaultConfigurationName = Release;
		};
		686B43F827A5AA59003FFB4F /* Build configuration list for PBXNativeTarget "Web" */ = {
			isa = XCConfigurationList;
			buildConfigurations = (
				686B43F927A5AA59003FFB4F /* Debug */,
				686B43FA27A5AA59003FFB4F /* Release */,
			);
			defaultConfigurationIsVisible = 0;
			defaultConfigurationName = Release;
		};
/* End XCConfigurationList section */

/* Begin XCRemoteSwiftPackageReference section */
		AA8734B927A9B2E900581F13 /* XCRemoteSwiftPackageReference "SnapKit" */ = {
			isa = XCRemoteSwiftPackageReference;
			repositoryURL = "https://github.com/SnapKit/SnapKit.git";
			requirement = {
				kind = upToNextMajorVersion;
				minimumVersion = 5.0.0;
			};
		};
/* End XCRemoteSwiftPackageReference section */

/* Begin XCSwiftPackageProductDependency section */
		AA8734BA27A9B2E900581F13 /* SnapKit */ = {
			isa = XCSwiftPackageProductDependency;
			package = AA8734B927A9B2E900581F13 /* XCRemoteSwiftPackageReference "SnapKit" */;
			productName = SnapKit;
		};
/* End XCSwiftPackageProductDependency section */

/* Begin XCVersionGroup section */
		686B43F327A5AA59003FFB4F /* Web.xcdatamodeld */ = {
			isa = XCVersionGroup;
			children = (
				686B43F427A5AA59003FFB4F /* Web.xcdatamodel */,
			);
			currentVersion = 686B43F427A5AA59003FFB4F /* Web.xcdatamodel */;
			path = Web.xcdatamodeld;
			sourceTree = "<group>";
			versionGroupType = wrapper.xcdatamodel;
		};
/* End XCVersionGroup section */
	};
	rootObject = 686B43DD27A5AA57003FFB4F /* Project object */;
}
